
Microsoft Visual Studio Solution File, Format Version 12.00
# Visual Studio Version 17
VisualStudioVersion = 17.10.34928.147
MinimumVisualStudioVersion = 10.0.40219.1
Project("{FAE04EC0-301F-11D3-BF4B-00C04F79EFBC}") = "SchoolHRAdministration", "SchoolHRAdministration.csproj", "{DCC24DA5-915A-4D47-B8A2-D9D7BC1E054C}"
EndProject
Project("{FAE04EC0-301F-11D3-BF4B-00C04F79EFBC}") = "HRAdminstrationAPI", "..\HRAdminstrationAPI\HRAdminstrationAPI.csproj", "{B4B745BC-C780-4AFB-ABC5-28587FD7D9D8}"
EndProject
Global
	GlobalSection(SolutionConfigurationPlatforms) = preSolution
		Debug|Any CPU = Debug|Any CPU
		Release|Any CPU = Release|Any CPU
	EndGlobalSection
	GlobalSection(ProjectConfigurationPlatforms) = postSolution
		{DCC24DA5-915A-4D47-B8A2-D9D7BC1E054C}.Debug|Any CPU.ActiveCfg = Debug|Any CPU
		{DCC24DA5-915A-4D47-B8A2-D9D7BC1E054C}.Debug|Any CPU.Build.0 = Debug|Any CPU
		{DCC24DA5-915A-4D47-B8A2-D9D7BC1E054C}.Release|Any CPU.ActiveCfg = Release|Any CPU
		{DCC24DA5-915A-4D47-B8A2-D9D7BC1E054C}.Release|Any CPU.Build.0 = Release|Any CPU
		{B4B745BC-C780-4AFB-ABC5-28587FD7D9D8}.Debug|Any CPU.ActiveCfg = Debug|Any CPU
		{B4B745BC-C780-4AFB-ABC5-28587FD7D9D8}.Debug|Any CPU.Build.0 = Debug|Any CPU
		{B4B745BC-C780-4AFB-ABC5-28587FD7D9D8}.Release|Any CPU.ActiveCfg = Release|Any CPU
		{B4B745BC-C780-4AFB-ABC5-28587FD7D9D8}.Release|Any CPU.Build.0 = Release|Any CPU
	EndGlobalSection
	GlobalSection(SolutionProperties) = preSolution
		HideSolutionNode = FALSE
	EndGlobalSection
	GlobalSection(ExtensibilityGlobals) = postSolution
		SolutionGuid = {5219DFA3-06BF-47EB-A86B-6D01C814C14E}
	EndGlobalSection
EndGlobal
